
Microsoft Visual Studio Solution File, Format Version 12.00
# Visual Studio Version 17
VisualStudioVersion = 17.6.33829.357
MinimumVisualStudioVersion = 10.0.40219.1
Project("{FAE04EC0-301F-11D3-BF4B-00C04F79EFBC}") = "00 поменять местами", "00 поменять местами\00 поменять местами.csproj", "{D5240E89-476E-45A5-9100-28558D9217D3}"
EndProject
Global
	GlobalSection(SolutionConfigurationPlatforms) = preSolution
		Debug|Any CPU = Debug|Any CPU
		Release|Any CPU = Release|Any CPU
	EndGlobalSection
	GlobalSection(ProjectConfigurationPlatforms) = postSolution
		{D5240E89-476E-45A5-9100-28558D9217D3}.Debug|Any CPU.ActiveCfg = Debug|Any CPU
		{D5240E89-476E-45A5-9100-28558D9217D3}.Debug|Any CPU.Build.0 = Debug|Any CPU
		{D5240E89-476E-45A5-9100-28558D9217D3}.Release|Any CPU.ActiveCfg = Release|Any CPU
		{D5240E89-476E-45A5-9100-28558D9217D3}.Release|Any CPU.Build.0 = Release|Any CPU
	EndGlobalSection
	GlobalSection(SolutionProperties) = preSolution
		HideSolutionNode = FALSE
	EndGlobalSection
	GlobalSection(ExtensibilityGlobals) = postSolution
		SolutionGuid = {474DA58E-B8BB-444C-982E-8CE0F525A253}
	EndGlobalSection
EndGlobal
