
Microsoft Visual Studio Solution File, Format Version 12.00
# Visual Studio Version 17
VisualStudioVersion = 17.7.34221.43
MinimumVisualStudioVersion = 10.0.40219.1
Project("{FAE04EC0-301F-11D3-BF4B-00C04F79EFBC}") = "function_test_api", "function_test_api.csproj", "{A721F0D2-C614-463E-8283-97116540C1D0}"
EndProject
Project("{FAE04EC0-301F-11D3-BF4B-00C04F79EFBC}") = "day_of_week", "..\day_of_week\day_of_week.csproj", "{D4F613A8-9DEB-45B6-9EF2-BF33101D0B9C}"
EndProject
Global
	GlobalSection(SolutionConfigurationPlatforms) = preSolution
		Debug|Any CPU = Debug|Any CPU
		Release|Any CPU = Release|Any CPU
	EndGlobalSection
	GlobalSection(ProjectConfigurationPlatforms) = postSolution
		{A721F0D2-C614-463E-8283-97116540C1D0}.Debug|Any CPU.ActiveCfg = Debug|Any CPU
		{A721F0D2-C614-463E-8283-97116540C1D0}.Debug|Any CPU.Build.0 = Debug|Any CPU
		{A721F0D2-C614-463E-8283-97116540C1D0}.Release|Any CPU.ActiveCfg = Release|Any CPU
		{A721F0D2-C614-463E-8283-97116540C1D0}.Release|Any CPU.Build.0 = Release|Any CPU
		{D4F613A8-9DEB-45B6-9EF2-BF33101D0B9C}.Debug|Any CPU.ActiveCfg = Debug|Any CPU
		{D4F613A8-9DEB-45B6-9EF2-BF33101D0B9C}.Debug|Any CPU.Build.0 = Debug|Any CPU
		{D4F613A8-9DEB-45B6-9EF2-BF33101D0B9C}.Release|Any CPU.ActiveCfg = Release|Any CPU
		{D4F613A8-9DEB-45B6-9EF2-BF33101D0B9C}.Release|Any CPU.Build.0 = Release|Any CPU
	EndGlobalSection
	GlobalSection(SolutionProperties) = preSolution
		HideSolutionNode = FALSE
	EndGlobalSection
	GlobalSection(ExtensibilityGlobals) = postSolution
		SolutionGuid = {382190BF-2B8D-455A-84CB-F28EE4CE70DC}
	EndGlobalSection
EndGlobal
