
Microsoft Visual Studio Solution File, Format Version 12.00
# Visual Studio Version 17
VisualStudioVersion = 17.6.33829.357
MinimumVisualStudioVersion = 10.0.40219.1
Project("{FAE04EC0-301F-11D3-BF4B-00C04F79EFBC}") = "project HELLO WORLD", "project HELLO WORLD\project HELLO WORLD.csproj", "{FF54881A-0CFD-41D3-9DB7-D04C7DD003A5}"
EndProject
Global
	GlobalSection(SolutionConfigurationPlatforms) = preSolution
		Debug|Any CPU = Debug|Any CPU
		Release|Any CPU = Release|Any CPU
	EndGlobalSection
	GlobalSection(ProjectConfigurationPlatforms) = postSolution
		{FF54881A-0CFD-41D3-9DB7-D04C7DD003A5}.Debug|Any CPU.ActiveCfg = Debug|Any CPU
		{FF54881A-0CFD-41D3-9DB7-D04C7DD003A5}.Debug|Any CPU.Build.0 = Debug|Any CPU
		{FF54881A-0CFD-41D3-9DB7-D04C7DD003A5}.Release|Any CPU.ActiveCfg = Release|Any CPU
		{FF54881A-0CFD-41D3-9DB7-D04C7DD003A5}.Release|Any CPU.Build.0 = Release|Any CPU
	EndGlobalSection
	GlobalSection(SolutionProperties) = preSolution
		HideSolutionNode = FALSE
	EndGlobalSection
	GlobalSection(ExtensibilityGlobals) = postSolution
		SolutionGuid = {BD641334-07ED-42CF-A72C-078732E39122}
	EndGlobalSection
EndGlobal
