
Microsoft Visual Studio Solution File, Format Version 12.00
# Visual Studio Version 17
VisualStudioVersion = 17.6.33829.357
MinimumVisualStudioVersion = 10.0.40219.1
Project("{FAE04EC0-301F-11D3-BF4B-00C04F79EFBC}") = "6 task previous next", "6 task previous next\6 task previous next.csproj", "{EFCE5434-29B0-441B-B2CC-9DF3DF3348C3}"
EndProject
Global
	GlobalSection(SolutionConfigurationPlatforms) = preSolution
		Debug|Any CPU = Debug|Any CPU
		Release|Any CPU = Release|Any CPU
	EndGlobalSection
	GlobalSection(ProjectConfigurationPlatforms) = postSolution
		{EFCE5434-29B0-441B-B2CC-9DF3DF3348C3}.Debug|Any CPU.ActiveCfg = Debug|Any CPU
		{EFCE5434-29B0-441B-B2CC-9DF3DF3348C3}.Debug|Any CPU.Build.0 = Debug|Any CPU
		{EFCE5434-29B0-441B-B2CC-9DF3DF3348C3}.Release|Any CPU.ActiveCfg = Release|Any CPU
		{EFCE5434-29B0-441B-B2CC-9DF3DF3348C3}.Release|Any CPU.Build.0 = Release|Any CPU
	EndGlobalSection
	GlobalSection(SolutionProperties) = preSolution
		HideSolutionNode = FALSE
	EndGlobalSection
	GlobalSection(ExtensibilityGlobals) = postSolution
		SolutionGuid = {DB97B792-6BDC-4950-A111-49248659D602}
	EndGlobalSection
EndGlobal
